
Microsoft Visual Studio Solution File, Format Version 12.00
# Visual Studio Version 17
VisualStudioVersion = 17.0.31903.59
MinimumVisualStudioVersion = 10.0.40219.1
Project("{9A19103F-16F7-4668-BE54-9A1E7A4F7556}") = "Grocery.Api", "Grocery.Api\Grocery.Api.csproj", "{2B1F9A64-7C4E-4E9B-9A21-4D6F1C0E5A11}"
EndProject
Global
	GlobalSection(SolutionConfigurationPlatforms) = preSolution
		Debug|Any CPU = Debug|Any CPU
		Release|Any CPU = Release|Any CPU
	EndGlobalSection
	GlobalSection(ProjectConfigurationPlatforms) = postSolution
		{2B1F9A64-7C4E-4E9B-9A21-4D6F1C0E5A11}.Debug|Any CPU.ActiveCfg = Debug|Any CPU
		{2B1F9A64-7C4E-4E9B-9A21-4D6F1C0E5A11}.Debug|Any CPU.Build.0 = Debug|Any CPU
		{2B1F9A64-7C4E-4E9B-9A21-4D6F1C0E5A11}.Release|Any CPU.ActiveCfg = Release|Any CPU
		{2B1F9A64-7C4E-4E9B-9A21-4D6F1C0E5A11}.Release|Any CPU.Build.0 = Release|Any CPU
	EndGlobalSection
	GlobalSection(SolutionProperties) = preSolution
		HideSolutionNode = FALSE
	EndGlobalSection
	GlobalSection(ExtensibilityGlobals) = postSolution
		SolutionGuid = {6D4A0C87-3E52-4E1A-8F0B-9C7E2D5B4A33}
	EndGlobalSection
EndGlobal
